
Microsoft Visual Studio Solution File, Format Version 12.00
Project("{FAE04EC0-301F-11D3-BF4B-00C04F79EFBC}") = "ELinkx", "ELinkx.csproj", "{A9543BB0-48DE-4824-A2FA-268F019D2A61}"
EndProject
Global
	GlobalSection(SolutionConfigurationPlatforms) = preSolution
		Debug|Any CPU = Debug|Any CPU
		Release|Any CPU = Release|Any CPU
	EndGlobalSection
	GlobalSection(ProjectConfigurationPlatforms) = postSolution
		{A9543BB0-48DE-4824-A2FA-268F019D2A61}.Debug|Any CPU.ActiveCfg = Debug|Any CPU
		{A9543BB0-48DE-4824-A2FA-268F019D2A61}.Debug|Any CPU.Build.0 = Debug|Any CPU
		{A9543BB0-48DE-4824-A2FA-268F019D2A61}.Release|Any CPU.ActiveCfg = Release|Any CPU
		{A9543BB0-48DE-4824-A2FA-268F019D2A61}.Release|Any CPU.Build.0 = Release|Any CPU
	EndGlobalSection
EndGlobal
